// !$*UTF8*$!
{
	archiveVersion = 1;
	classes = {
	};
	objectVersion = 50;
	objects = {

/* Begin PBXBuildFile section */
		6286368500212B9D41FD2A48 /* Pods_SunnyPlayTests.framework in Frameworks */ = {isa = PBXBuildFile; fileRef = A6589AAD7A330878D9E891FD /* Pods_SunnyPlayTests.framework */; };
		B6568A833FBE9E1D2E086C56 /* Pods_SunnyPlayUITests.framework in Frameworks */ = {isa = PBXBuildFile; fileRef = C4FCF92932E587A994626B2A /* Pods_SunnyPlayUITests.framework */; };
		E1F6983521EA4D4400939AB9 /* AppDelegate.swift in Sources */ = {isa = PBXBuildFile; fileRef = E1F6983421EA4D4400939AB9 /* AppDelegate.swift */; };
		E1F6983721EA4D4400939AB9 /* ViewController.swift in Sources */ = {isa = PBXBuildFile; fileRef = E1F6983621EA4D4400939AB9 /* ViewController.swift */; };
		E1F6983A21EA4D4400939AB9 /* Main.storyboard in Resources */ = {isa = PBXBuildFile; fileRef = E1F6983821EA4D4400939AB9 /* Main.storyboard */; };
		E1F6983C21EA4D4900939AB9 /* Assets.xcassets in Resources */ = {isa = PBXBuildFile; fileRef = E1F6983B21EA4D4900939AB9 /* Assets.xcassets */; };
		E1F6983F21EA4D4900939AB9 /* LaunchScreen.storyboard in Resources */ = {isa = PBXBuildFile; fileRef = E1F6983D21EA4D4900939AB9 /* LaunchScreen.storyboard */; };
		E1F6984A21EA4D4900939AB9 /* SunnyPlayTests.swift in Sources */ = {isa = PBXBuildFile; fileRef = E1F6984921EA4D4900939AB9 /* SunnyPlayTests.swift */; };
		E1F6985521EA4D4900939AB9 /* SunnyPlayUITests.swift in Sources */ = {isa = PBXBuildFile; fileRef = E1F6985421EA4D4900939AB9 /* SunnyPlayUITests.swift */; };
		E1F6986621EA522200939AB9 /* Customer.swift in Sources */ = {isa = PBXBuildFile; fileRef = E1F6986521EA522200939AB9 /* Customer.swift */; };
		E495B0D5947E834C21BA25BA /* Pods_SunnyPlay.framework in Frameworks */ = {isa = PBXBuildFile; fileRef = 9A312C120E7BA19A91BCCBCF /* Pods_SunnyPlay.framework */; };
/* End PBXBuildFile section */

/* Begin PBXContainerItemProxy section */
		E1F6984621EA4D4900939AB9 /* PBXContainerItemProxy */ = {
			isa = PBXContainerItemProxy;
			containerPortal = E1F6982921EA4D4400939AB9 /* Project object */;
			proxyType = 1;
			remoteGlobalIDString = E1F6983021EA4D4400939AB9;
			remoteInfo = SunnyPlay;
		};
		E1F6985121EA4D4900939AB9 /* PBXContainerItemProxy */ = {
			isa = PBXContainerItemProxy;
			containerPortal = E1F6982921EA4D4400939AB9 /* Project object */;
			proxyType = 1;
			remoteGlobalIDString = E1F6983021EA4D4400939AB9;
			remoteInfo = SunnyPlay;
		};
/* End PBXContainerItemProxy section */

/* Begin PBXFileReference section */
		1633276281F07D1D74C19CDB /* Pods-SunnyPlay.debug.xcconfig */ = {isa = PBXFileReference; includeInIndex = 1; lastKnownFileType = text.xcconfig; name = "Pods-SunnyPlay.debug.xcconfig"; path = "Pods/Target Support Files/Pods-SunnyPlay/Pods-SunnyPlay.debug.xcconfig"; sourceTree = "<group>"; };
		2C0F116789DA3F2466543899 /* Pods-SunnyPlayUITests.debug.xcconfig */ = {isa = PBXFileReference; includeInIndex = 1; lastKnownFileType = text.xcconfig; name = "Pods-SunnyPlayUITests.debug.xcconfig"; path = "Pods/Target Support Files/Pods-SunnyPlayUITests/Pods-SunnyPlayUITests.debug.xcconfig"; sourceTree = "<group>"; };
		2C3E46914795C625C8764E9F /* Pods-SunnyPlay.release.xcconfig */ = {isa = PBXFileReference; includeInIndex = 1; lastKnownFileType = text.xcconfig; name = "Pods-SunnyPlay.release.xcconfig"; path = "Pods/Target Support Files/Pods-SunnyPlay/Pods-SunnyPlay.release.xcconfig"; sourceTree = "<group>"; };
		9A312C120E7BA19A91BCCBCF /* Pods_SunnyPlay.framework */ = {isa = PBXFileReference; explicitFileType = wrapper.framework; includeInIndex = 0; path = Pods_SunnyPlay.framework; sourceTree = BUILT_PRODUCTS_DIR; };
		A6589AAD7A330878D9E891FD /* Pods_SunnyPlayTests.framework */ = {isa = PBXFileReference; explicitFileType = wrapper.framework; includeInIndex = 0; path = Pods_SunnyPlayTests.framework; sourceTree = BUILT_PRODUCTS_DIR; };
		ABE00212D9306ED04DE546AF /* Pods-SunnyPlayTests.release.xcconfig */ = {isa = PBXFileReference; includeInIndex = 1; lastKnownFileType = text.xcconfig; name = "Pods-SunnyPlayTests.release.xcconfig"; path = "Pods/Target Support Files/Pods-SunnyPlayTests/Pods-SunnyPlayTests.release.xcconfig"; sourceTree = "<group>"; };
		AEC7FC3066D1B6C1E94698C6 /* Pods-SunnyPlayTests.debug.xcconfig */ = {isa = PBXFileReference; includeInIndex = 1; lastKnownFileType = text.xcconfig; name = "Pods-SunnyPlayTests.debug.xcconfig"; path = "Pods/Target Support Files/Pods-SunnyPlayTests/Pods-SunnyPlayTests.debug.xcconfig"; sourceTree = "<group>"; };
		C4FCF92932E587A994626B2A /* Pods_SunnyPlayUITests.framework */ = {isa = PBXFileReference; explicitFileType = wrapper.framework; includeInIndex = 0; path = Pods_SunnyPlayUITests.framework; sourceTree = BUILT_PRODUCTS_DIR; };
		E1F6983121EA4D4400939AB9 /* SunnyPlay.app */ = {isa = PBXFileReference; explicitFileType = wrapper.application; includeInIndex = 0; path = SunnyPlay.app; sourceTree = BUILT_PRODUCTS_DIR; };
		E1F6983421EA4D4400939AB9 /* AppDelegate.swift */ = {isa = PBXFileReference; lastKnownFileType = sourcecode.swift; path = AppDelegate.swift; sourceTree = "<group>"; };
		E1F6983621EA4D4400939AB9 /* ViewController.swift */ = {isa = PBXFileReference; lastKnownFileType = sourcecode.swift; path = ViewController.swift; sourceTree = "<group>"; };
		E1F6983921EA4D4400939AB9 /* Base */ = {isa = PBXFileReference; lastKnownFileType = file.storyboard; name = Base; path = Base.lproj/Main.storyboard; sourceTree = "<group>"; };
		E1F6983B21EA4D4900939AB9 /* Assets.xcassets */ = {isa = PBXFileReference; lastKnownFileType = folder.assetcatalog; path = Assets.xcassets; sourceTree = "<group>"; };
		E1F6983E21EA4D4900939AB9 /* Base */ = {isa = PBXFileReference; lastKnownFileType = file.storyboard; name = Base; path = Base.lproj/LaunchScreen.storyboard; sourceTree = "<group>"; };
		E1F6984021EA4D4900939AB9 /* Info.plist */ = {isa = PBXFileReference; lastKnownFileType = text.plist.xml; path = Info.plist; sourceTree = "<group>"; };
		E1F6984521EA4D4900939AB9 /* SunnyPlayTests.xctest */ = {isa = PBXFileReference; explicitFileType = wrapper.cfbundle; includeInIndex = 0; path = SunnyPlayTests.xctest; sourceTree = BUILT_PRODUCTS_DIR; };
		E1F6984921EA4D4900939AB9 /* SunnyPlayTests.swift */ = {isa = PBXFileReference; lastKnownFileType = sourcecode.swift; path = SunnyPlayTests.swift; sourceTree = "<group>"; };
		E1F6984B21EA4D4900939AB9 /* Info.plist */ = {isa = PBXFileReference; lastKnownFileType = text.plist.xml; path = Info.plist; sourceTree = "<group>"; };
		E1F6985021EA4D4900939AB9 /* SunnyPlayUITests.xctest */ = {isa = PBXFileReference; explicitFileType = wrapper.cfbundle; includeInIndex = 0; path = SunnyPlayUITests.xctest; sourceTree = BUILT_PRODUCTS_DIR; };
		E1F6985421EA4D4900939AB9 /* SunnyPlayUITests.swift */ = {isa = PBXFileReference; lastKnownFileType = sourcecode.swift; path = SunnyPlayUITests.swift; sourceTree = "<group>"; };
		E1F6985621EA4D4A00939AB9 /* Info.plist */ = {isa = PBXFileReference; lastKnownFileType = text.plist.xml; path = Info.plist; sourceTree = "<group>"; };
		E1F6986521EA522200939AB9 /* Customer.swift */ = {isa = PBXFileReference; lastKnownFileType = sourcecode.swift; path = Customer.swift; sourceTree = "<group>"; };
		F325CF13F647433E12F10421 /* Pods-SunnyPlayUITests.release.xcconfig */ = {isa = PBXFileReference; includeInIndex = 1; lastKnownFileType = text.xcconfig; name = "Pods-SunnyPlayUITests.release.xcconfig"; path = "Pods/Target Support Files/Pods-SunnyPlayUITests/Pods-SunnyPlayUITests.release.xcconfig"; sourceTree = "<group>"; };
/* End PBXFileReference section */

/* Begin PBXFrameworksBuildPhase section */
		E1F6982E21EA4D4400939AB9 /* Frameworks */ = {
			isa = PBXFrameworksBuildPhase;
			buildActionMask = 2147483647;
			files = (
				E495B0D5947E834C21BA25BA /* Pods_SunnyPlay.framework in Frameworks */,
			);
			runOnlyForDeploymentPostprocessing = 0;
		};
		E1F6984221EA4D4900939AB9 /* Frameworks */ = {
			isa = PBXFrameworksBuildPhase;
			buildActionMask = 2147483647;
			files = (
				6286368500212B9D41FD2A48 /* Pods_SunnyPlayTests.framework in Frameworks */,
			);
			runOnlyForDeploymentPostprocessing = 0;
		};
		E1F6984D21EA4D4900939AB9 /* Frameworks */ = {
			isa = PBXFrameworksBuildPhase;
			buildActionMask = 2147483647;
			files = (
				B6568A833FBE9E1D2E086C56 /* Pods_SunnyPlayUITests.framework in Frameworks */,
			);
			runOnlyForDeploymentPostprocessing = 0;
		};
/* End PBXFrameworksBuildPhase section */

/* Begin PBXGroup section */
		63D293F5953763403B833D02 /* Pods */ = {
			isa = PBXGroup;
			children = (
				1633276281F07D1D74C19CDB /* Pods-SunnyPlay.debug.xcconfig */,
				2C3E46914795C625C8764E9F /* Pods-SunnyPlay.release.xcconfig */,
				AEC7FC3066D1B6C1E94698C6 /* Pods-SunnyPlayTests.debug.xcconfig */,
				ABE00212D9306ED04DE546AF /* Pods-SunnyPlayTests.release.xcconfig */,
				2C0F116789DA3F2466543899 /* Pods-SunnyPlayUITests.debug.xcconfig */,
				F325CF13F647433E12F10421 /* Pods-SunnyPlayUITests.release.xcconfig */,
			);
			name = Pods;
			sourceTree = "<group>";
		};
		D2DEC24DCA5653FF65AB40E3 /* Frameworks */ = {
			isa = PBXGroup;
			children = (
				9A312C120E7BA19A91BCCBCF /* Pods_SunnyPlay.framework */,
				A6589AAD7A330878D9E891FD /* Pods_SunnyPlayTests.framework */,
				C4FCF92932E587A994626B2A /* Pods_SunnyPlayUITests.framework */,
			);
			name = Frameworks;
			sourceTree = "<group>";
		};
		E16C1F1C21EB8C3B000146F6 /* Http */ = {
			isa = PBXGroup;
			children = (
			);
			path = Http;
			sourceTree = "<group>";
		};
		E1F6982821EA4D4400939AB9 = {
			isa = PBXGroup;
			children = (
				E1F6983321EA4D4400939AB9 /* SunnyPlay */,
				E1F6984821EA4D4900939AB9 /* SunnyPlayTests */,
				E1F6985321EA4D4900939AB9 /* SunnyPlayUITests */,
				E1F6983221EA4D4400939AB9 /* Products */,
				63D293F5953763403B833D02 /* Pods */,
				D2DEC24DCA5653FF65AB40E3 /* Frameworks */,
			);
			sourceTree = "<group>";
		};
		E1F6983221EA4D4400939AB9 /* Products */ = {
			isa = PBXGroup;
			children = (
				E1F6983121EA4D4400939AB9 /* SunnyPlay.app */,
				E1F6984521EA4D4900939AB9 /* SunnyPlayTests.xctest */,
				E1F6985021EA4D4900939AB9 /* SunnyPlayUITests.xctest */,
			);
			name = Products;
			sourceTree = "<group>";
		};
		E1F6983321EA4D4400939AB9 /* SunnyPlay */ = {
			isa = PBXGroup;
			children = (
				E1F6986221EA518E00939AB9 /* NetworkLayer */,
				E1F6983421EA4D4400939AB9 /* AppDelegate.swift */,
				E1F6983621EA4D4400939AB9 /* ViewController.swift */,
				E1F6983821EA4D4400939AB9 /* Main.storyboard */,
				E1F6983B21EA4D4900939AB9 /* Assets.xcassets */,
				E1F6983D21EA4D4900939AB9 /* LaunchScreen.storyboard */,
				E1F6984021EA4D4900939AB9 /* Info.plist */,
			);
			path = SunnyPlay;
			sourceTree = "<group>";
		};
		E1F6984821EA4D4900939AB9 /* SunnyPlayTests */ = {
			isa = PBXGroup;
			children = (
				E1F6984921EA4D4900939AB9 /* SunnyPlayTests.swift */,
				E1F6984B21EA4D4900939AB9 /* Info.plist */,
			);
			path = SunnyPlayTests;
			sourceTree = "<group>";
		};
		E1F6985321EA4D4900939AB9 /* SunnyPlayUITests */ = {
			isa = PBXGroup;
			children = (
				E1F6985421EA4D4900939AB9 /* SunnyPlayUITests.swift */,
				E1F6985621EA4D4A00939AB9 /* Info.plist */,
			);
			path = SunnyPlayUITests;
			sourceTree = "<group>";
		};
		E1F6986221EA518E00939AB9 /* NetworkLayer */ = {
			isa = PBXGroup;
			children = (
				E16C1F1C21EB8C3B000146F6 /* Http */,
				E1F6986421EA51BF00939AB9 /* APIRequests */,
				E1F6986321EA51B400939AB9 /* Models */,
			);
			path = NetworkLayer;
			sourceTree = "<group>";
		};
		E1F6986321EA51B400939AB9 /* Models */ = {
			isa = PBXGroup;
			children = (
				E1F6986521EA522200939AB9 /* Customer.swift */,
			);
			path = Models;
			sourceTree = "<group>";
		};
		E1F6986421EA51BF00939AB9 /* APIRequests */ = {
			isa = PBXGroup;
			children = (
			);
			path = APIRequests;
			sourceTree = "<group>";
		};
/* End PBXGroup section */

/* Begin PBXNativeTarget section */
		E1F6983021EA4D4400939AB9 /* SunnyPlay */ = {
			isa = PBXNativeTarget;
			buildConfigurationList = E1F6985921EA4D4A00939AB9 /* Build configuration list for PBXNativeTarget "SunnyPlay" */;
			buildPhases = (
				13D6E403F0919D6A5818FF2E /* [CP] Check Pods Manifest.lock */,
				E1F6982D21EA4D4400939AB9 /* Sources */,
				E1F6982E21EA4D4400939AB9 /* Frameworks */,
				E1F6982F21EA4D4400939AB9 /* Resources */,
				EDFF33AAD5D1909DD2E784D6 /* [CP] Embed Pods Frameworks */,
			);
			buildRules = (
			);
			dependencies = (
			);
			name = SunnyPlay;
			productName = SunnyPlay;
			productReference = E1F6983121EA4D4400939AB9 /* SunnyPlay.app */;
			productType = "com.apple.product-type.application";
		};
		E1F6984421EA4D4900939AB9 /* SunnyPlayTests */ = {
			isa = PBXNativeTarget;
			buildConfigurationList = E1F6985C21EA4D4A00939AB9 /* Build configuration list for PBXNativeTarget "SunnyPlayTests" */;
			buildPhases = (
				8701C17E1CC80CC7B6B17708 /* [CP] Check Pods Manifest.lock */,
				E1F6984121EA4D4900939AB9 /* Sources */,
				E1F6984221EA4D4900939AB9 /* Frameworks */,
				E1F6984321EA4D4900939AB9 /* Resources */,
			);
			buildRules = (
			);
			dependencies = (
				E1F6984721EA4D4900939AB9 /* PBXTargetDependency */,
			);
			name = SunnyPlayTests;
			productName = SunnyPlayTests;
			productReference = E1F6984521EA4D4900939AB9 /* SunnyPlayTests.xctest */;
			productType = "com.apple.product-type.bundle.unit-test";
		};
		E1F6984F21EA4D4900939AB9 /* SunnyPlayUITests */ = {
			isa = PBXNativeTarget;
			buildConfigurationList = E1F6985F21EA4D4A00939AB9 /* Build configuration list for PBXNativeTarget "SunnyPlayUITests" */;
			buildPhases = (
				056750416F5B9070FC1DFB8B /* [CP] Check Pods Manifest.lock */,
				E1F6984C21EA4D4900939AB9 /* Sources */,
				E1F6984D21EA4D4900939AB9 /* Frameworks */,
				E1F6984E21EA4D4900939AB9 /* Resources */,
			);
			buildRules = (
			);
			dependencies = (
				E1F6985221EA4D4900939AB9 /* PBXTargetDependency */,
			);
			name = SunnyPlayUITests;
			productName = SunnyPlayUITests;
			productReference = E1F6985021EA4D4900939AB9 /* SunnyPlayUITests.xctest */;
			productType = "com.apple.product-type.bundle.ui-testing";
		};
/* End PBXNativeTarget section */

/* Begin PBXProject section */
		E1F6982921EA4D4400939AB9 /* Project object */ = {
			isa = PBXProject;
			attributes = {
				LastSwiftUpdateCheck = 0940;
				LastUpgradeCheck = 0940;
				ORGANIZATIONNAME = "Sunny Wang";
				TargetAttributes = {
					E1F6983021EA4D4400939AB9 = {
						CreatedOnToolsVersion = 9.4.1;
					};
					E1F6984421EA4D4900939AB9 = {
						CreatedOnToolsVersion = 9.4.1;
						TestTargetID = E1F6983021EA4D4400939AB9;
					};
					E1F6984F21EA4D4900939AB9 = {
						CreatedOnToolsVersion = 9.4.1;
						TestTargetID = E1F6983021EA4D4400939AB9;
					};
				};
			};
			buildConfigurationList = E1F6982C21EA4D4400939AB9 /* Build configuration list for PBXProject "SunnyPlay" */;
			compatibilityVersion = "Xcode 9.3";
			developmentRegion = en;
			hasScannedForEncodings = 0;
			knownRegions = (
				en,
				Base,
			);
			mainGroup = E1F6982821EA4D4400939AB9;
			productRefGroup = E1F6983221EA4D4400939AB9 /* Products */;
			projectDirPath = "";
			projectRoot = "";
			targets = (
				E1F6983021EA4D4400939AB9 /* SunnyPlay */,
				E1F6984421EA4D4900939AB9 /* SunnyPlayTests */,
				E1F6984F21EA4D4900939AB9 /* SunnyPlayUITests */,
			);
		};
/* End PBXProject section */

/* Begin PBXResourcesBuildPhase section */
		E1F6982F21EA4D4400939AB9 /* Resources */ = {
			isa = PBXResourcesBuildPhase;
			buildActionMask = 2147483647;
			files = (
				E1F6983F21EA4D4900939AB9 /* LaunchScreen.storyboard in Resources */,
				E1F6983C21EA4D4900939AB9 /* Assets.xcassets in Resources */,
				E1F6983A21EA4D4400939AB9 /* Main.storyboard in Resources */,
			);
			runOnlyForDeploymentPostprocessing = 0;
		};
		E1F6984321EA4D4900939AB9 /* Resources */ = {
			isa = PBXResourcesBuildPhase;
			buildActionMask = 2147483647;
			files = (
			);
			runOnlyForDeploymentPostprocessing = 0;
		};
		E1F6984E21EA4D4900939AB9 /* Resources */ = {
			isa = PBXResourcesBuildPhase;
			buildActionMask = 2147483647;
			files = (
			);
			runOnlyForDeploymentPostprocessing = 0;
		};
/* End PBXResourcesBuildPhase section */

/* Begin PBXShellScriptBuildPhase section */
		056750416F5B9070FC1DFB8B /* [CP] Check Pods Manifest.lock */ = {
			isa = PBXShellScriptBuildPhase;
			buildActionMask = 2147483647;
			files = (
			);
			inputPaths = (
				"${PODS_PODFILE_DIR_PATH}/Podfile.lock",
				"${PODS_ROOT}/Manifest.lock",
			);
			name = "[CP] Check Pods Manifest.lock";
			outputPaths = (
				"$(DERIVED_FILE_DIR)/Pods-SunnyPlayUITests-checkManifestLockResult.txt",
			);
			runOnlyForDeploymentPostprocessing = 0;
			shellPath = /bin/sh;
			shellScript = "diff \"${PODS_PODFILE_DIR_PATH}/Podfile.lock\" \"${PODS_ROOT}/Manifest.lock\" > /dev/null\nif [ $? != 0 ] ; then\n    # print error to STDERR\n    echo \"error: The sandbox is not in sync with the Podfile.lock. Run 'pod install' or update your CocoaPods installation.\" >&2\n    exit 1\nfi\n# This output is used by Xcode 'outputs' to avoid re-running this script phase.\necho \"SUCCESS\" > \"${SCRIPT_OUTPUT_FILE_0}\"\n";
			showEnvVarsInLog = 0;
		};
		13D6E403F0919D6A5818FF2E /* [CP] Check Pods Manifest.lock */ = {
			isa = PBXShellScriptBuildPhase;
			buildActionMask = 2147483647;
			files = (
			);
			inputPaths = (
				"${PODS_PODFILE_DIR_PATH}/Podfile.lock",
				"${PODS_ROOT}/Manifest.lock",
			);
			name = "[CP] Check Pods Manifest.lock";
			outputPaths = (
				"$(DERIVED_FILE_DIR)/Pods-SunnyPlay-checkManifestLockResult.txt",
			);
			runOnlyForDeploymentPostprocessing = 0;
			shellPath = /bin/sh;
			shellScript = "diff \"${PODS_PODFILE_DIR_PATH}/Podfile.lock\" \"${PODS_ROOT}/Manifest.lock\" > /dev/null\nif [ $? != 0 ] ; then\n    # print error to STDERR\n    echo \"error: The sandbox is not in sync with the Podfile.lock. Run 'pod install' or update your CocoaPods installation.\" >&2\n    exit 1\nfi\n# This output is used by Xcode 'outputs' to avoid re-running this script phase.\necho \"SUCCESS\" > \"${SCRIPT_OUTPUT_FILE_0}\"\n";
			showEnvVarsInLog = 0;
		};
		8701C17E1CC80CC7B6B17708 /* [CP] Check Pods Manifest.lock */ = {
			isa = PBXShellScriptBuildPhase;
			buildActionMask = 2147483647;
			files = (
			);
			inputPaths = (
				"${PODS_PODFILE_DIR_PATH}/Podfile.lock",
				"${PODS_ROOT}/Manifest.lock",
			);
			name = "[CP] Check Pods Manifest.lock";
			outputPaths = (
				"$(DERIVED_FILE_DIR)/Pods-SunnyPlayTests-checkManifestLockResult.txt",
			);
			runOnlyForDeploymentPostprocessing = 0;
			shellPath = /bin/sh;
			shellScript = "diff \"${PODS_PODFILE_DIR_PATH}/Podfile.lock\" \"${PODS_ROOT}/Manifest.lock\" > /dev/null\nif [ $? != 0 ] ; then\n    # print error to STDERR\n    echo \"error: The sandbox is not in sync with the Podfile.lock. Run 'pod install' or update your CocoaPods installation.\" >&2\n    exit 1\nfi\n# This output is used by Xcode 'outputs' to avoid re-running this script phase.\necho \"SUCCESS\" > \"${SCRIPT_OUTPUT_FILE_0}\"\n";
			showEnvVarsInLog = 0;
		};
		EDFF33AAD5D1909DD2E784D6 /* [CP] Embed Pods Frameworks */ = {
			isa = PBXShellScriptBuildPhase;
			buildActionMask = 2147483647;
			files = (
			);
			inputPaths = (
				"${SRCROOT}/Pods/Target Support Files/Pods-SunnyPlay/Pods-SunnyPlay-frameworks.sh",
				"${BUILT_PRODUCTS_DIR}/Alamofire/Alamofire.framework",
				"${BUILT_PRODUCTS_DIR}/AlamofireObjectMapper/AlamofireObjectMapper.framework",
				"${BUILT_PRODUCTS_DIR}/BrightFutures/BrightFutures.framework",
				"${BUILT_PRODUCTS_DIR}/ObjectMapper/ObjectMapper.framework",
				"${BUILT_PRODUCTS_DIR}/Result/Result.framework",
			);
			name = "[CP] Embed Pods Frameworks";
			outputPaths = (
				"${TARGET_BUILD_DIR}/${FRAMEWORKS_FOLDER_PATH}/Alamofire.framework",
				"${TARGET_BUILD_DIR}/${FRAMEWORKS_FOLDER_PATH}/AlamofireObjectMapper.framework",
				"${TARGET_BUILD_DIR}/${FRAMEWORKS_FOLDER_PATH}/BrightFutures.framework",
				"${TARGET_BUILD_DIR}/${FRAMEWORKS_FOLDER_PATH}/ObjectMapper.framework",
				"${TARGET_BUILD_DIR}/${FRAMEWORKS_FOLDER_PATH}/Result.framework",
			);
			runOnlyForDeploymentPostprocessing = 0;
			shellPath = /bin/sh;
			shellScript = "\"${SRCROOT}/Pods/Target Support Files/Pods-SunnyPlay/Pods-SunnyPlay-frameworks.sh\"\n";
			showEnvVarsInLog = 0;
		};
/* End PBXShellScriptBuildPhase section */

/* Begin PBXSourcesBuildPhase section */
		E1F6982D21EA4D4400939AB9 /* Sources */ = {
			isa = PBXSourcesBuildPhase;
			buildActionMask = 2147483647;
			files = (
				E1F6986621EA522200939AB9 /* Customer.swift in Sources */,
				E1F6983721EA4D4400939AB9 /* ViewController.swift in Sources */,
				E1F6983521EA4D4400939AB9 /* AppDelegate.swift in Sources */,
			);
			runOnlyForDeploymentPostprocessing = 0;
		};
		E1F6984121EA4D4900939AB9 /* Sources */ = {
			isa = PBXSourcesBuildPhase;
			buildActionMask = 2147483647;
			files = (
				E1F6984A21EA4D4900939AB9 /* SunnyPlayTests.swift in Sources */,
			);
			runOnlyForDeploymentPostprocessing = 0;
		};
		E1F6984C21EA4D4900939AB9 /* Sources */ = {
			isa = PBXSourcesBuildPhase;
			buildActionMask = 2147483647;
			files = (
				E1F6985521EA4D4900939AB9 /* SunnyPlayUITests.swift in Sources */,
			);
			runOnlyForDeploymentPostprocessing = 0;
		};
/* End PBXSourcesBuildPhase section */

/* Begin PBXTargetDependency section */
		E1F6984721EA4D4900939AB9 /* PBXTargetDependency */ = {
			isa = PBXTargetDependency;
			target = E1F6983021EA4D4400939AB9 /* SunnyPlay */;
			targetProxy = E1F6984621EA4D4900939AB9 /* PBXContainerItemProxy */;
		};
		E1F6985221EA4D4900939AB9 /* PBXTargetDependency */ = {
			isa = PBXTargetDependency;
			target = E1F6983021EA4D4400939AB9 /* SunnyPlay */;
			targetProxy = E1F6985121EA4D4900939AB9 /* PBXContainerItemProxy */;
		};
/* End PBXTargetDependency section */

/* Begin PBXVariantGroup section */
		E1F6983821EA4D4400939AB9 /* Main.storyboard */ = {
			isa = PBXVariantGroup;
			children = (
				E1F6983921EA4D4400939AB9 /* Base */,
			);
			name = Main.storyboard;
			sourceTree = "<group>";
		};
		E1F6983D21EA4D4900939AB9 /* LaunchScreen.storyboard */ = {
			isa = PBXVariantGroup;
			children = (
				E1F6983E21EA4D4900939AB9 /* Base */,
			);
			name = LaunchScreen.storyboard;
			sourceTree = "<group>";
		};
/* End PBXVariantGroup section */

/* Begin XCBuildConfiguration section */
		E1F6985721EA4D4A00939AB9 /* Debug */ = {
			isa = XCBuildConfiguration;
			buildSettings = {
				ALWAYS_SEARCH_USER_PATHS = NO;
				CLANG_ANALYZER_NONNULL = YES;
				CLANG_ANALYZER_NUMBER_OBJECT_CONVERSION = YES_AGGRESSIVE;
				CLANG_CXX_LANGUAGE_STANDARD = "gnu++14";
				CLANG_CXX_LIBRARY = "libc++";
				CLANG_ENABLE_MODULES = YES;
				CLANG_ENABLE_OBJC_ARC = YES;
				CLANG_ENABLE_OBJC_WEAK = YES;
				CLANG_WARN_BLOCK_CAPTURE_AUTORELEASING = YES;
				CLANG_WARN_BOOL_CONVERSION = YES;
				CLANG_WARN_COMMA = YES;
				CLANG_WARN_CONSTANT_CONVERSION = YES;
				CLANG_WARN_DEPRECATED_OBJC_IMPLEMENTATIONS = YES;
				CLANG_WARN_DIRECT_OBJC_ISA_USAGE = YES_ERROR;
				CLANG_WARN_DOCUMENTATION_COMMENTS = YES;
				CLANG_WARN_EMPTY_BODY = YES;
				CLANG_WARN_ENUM_CONVERSION = YES;
				CLANG_WARN_INFINITE_RECURSION = YES;
				CLANG_WARN_INT_CONVERSION = YES;
				CLANG_WARN_NON_LITERAL_NULL_CONVERSION = YES;
				CLANG_WARN_OBJC_IMPLICIT_RETAIN_SELF = YES;
				CLANG_WARN_OBJC_LITERAL_CONVERSION = YES;
				CLANG_WARN_OBJC_ROOT_CLASS = YES_ERROR;
				CLANG_WARN_RANGE_LOOP_ANALYSIS = YES;
				CLANG_WARN_STRICT_PROTOTYPES = YES;
				CLANG_WARN_SUSPICIOUS_MOVE = YES;
				CLANG_WARN_UNGUARDED_AVAILABILITY = YES_AGGRESSIVE;
				CLANG_WARN_UNREACHABLE_CODE = YES;
				CLANG_WARN__DUPLICATE_METHOD_MATCH = YES;
				CODE_SIGN_IDENTITY = "iPhone Developer";
				COPY_PHASE_STRIP = NO;
				DEBUG_INFORMATION_FORMAT = dwarf;
				ENABLE_STRICT_OBJC_MSGSEND = YES;
				ENABLE_TESTABILITY = YES;
				GCC_C_LANGUAGE_STANDARD = gnu11;
				GCC_DYNAMIC_NO_PIC = NO;
				GCC_NO_COMMON_BLOCKS = YES;
				GCC_OPTIMIZATION_LEVEL = 0;
				GCC_PREPROCESSOR_DEFINITIONS = (
					"DEBUG=1",
					"$(inherited)",
				);
				GCC_WARN_64_TO_32_BIT_CONVERSION = YES;
				GCC_WARN_ABOUT_RETURN_TYPE = YES_ERROR;
				GCC_WARN_UNDECLARED_SELECTOR = YES;
				GCC_WARN_UNINITIALIZED_AUTOS = YES_AGGRESSIVE;
				GCC_WARN_UNUSED_FUNCTION = YES;
				GCC_WARN_UNUSED_VARIABLE = YES;
				IPHONEOS_DEPLOYMENT_TARGET = 11.4;
				MTL_ENABLE_DEBUG_INFO = YES;
				ONLY_ACTIVE_ARCH = YES;
				SDKROOT = iphoneos;
				SWIFT_ACTIVE_COMPILATION_CONDITIONS = DEBUG;
				SWIFT_OPTIMIZATION_LEVEL = "-Onone";
			};
			name = Debug;
		};
		E1F6985821EA4D4A00939AB9 /* Release */ = {
			isa = XCBuildConfiguration;
			buildSettings = {
				ALWAYS_SEARCH_USER_PATHS = NO;
				CLANG_ANALYZER_NONNULL = YES;
				CLANG_ANALYZER_NUMBER_OBJECT_CONVERSION = YES_AGGRESSIVE;
				CLANG_CXX_LANGUAGE_STANDARD = "gnu++14";
				CLANG_CXX_LIBRARY = "libc++";
				CLANG_ENABLE_MODULES = YES;
				CLANG_ENABLE_OBJC_ARC = YES;
				CLANG_ENABLE_OBJC_WEAK = YES;
				CLANG_WARN_BLOCK_CAPTURE_AUTORELEASING = YES;
				CLANG_WARN_BOOL_CONVERSION = YES;
				CLANG_WARN_COMMA = YES;
				CLANG_WARN_CONSTANT_CONVERSION = YES;
				CLANG_WARN_DEPRECATED_OBJC_IMPLEMENTATIONS = YES;
				CLANG_WARN_DIRECT_OBJC_ISA_USAGE = YES_ERROR;
				CLANG_WARN_DOCUMENTATION_COMMENTS = YES;
				CLANG_WARN_EMPTY_BODY = YES;
				CLANG_WARN_ENUM_CONVERSION = YES;
				CLANG_WARN_INFINITE_RECURSION = YES;
				CLANG_WARN_INT_CONVERSION = YES;
				CLANG_WARN_NON_LITERAL_NULL_CONVERSION = YES;
				CLANG_WARN_OBJC_IMPLICIT_RETAIN_SELF = YES;
				CLANG_WARN_OBJC_LITERAL_CONVERSION = YES;
				CLANG_WARN_OBJC_ROOT_CLASS = YES_ERROR;
				CLANG_WARN_RANGE_LOOP_ANALYSIS = YES;
				CLANG_WARN_STRICT_PROTOTYPES = YES;
				CLANG_WARN_SUSPICIOUS_MOVE = YES;
				CLANG_WARN_UNGUARDED_AVAILABILITY = YES_AGGRESSIVE;
				CLANG_WARN_UNREACHABLE_CODE = YES;
				CLANG_WARN__DUPLICATE_METHOD_MATCH = YES;
				CODE_SIGN_IDENTITY = "iPhone Developer";
				COPY_PHASE_STRIP = NO;
				DEBUG_INFORMATION_FORMAT = "dwarf-with-dsym";
				ENABLE_NS_ASSERTIONS = NO;
				ENABLE_STRICT_OBJC_MSGSEND = YES;
				GCC_C_LANGUAGE_STANDARD = gnu11;
				GCC_NO_COMMON_BLOCKS = YES;
				GCC_WARN_64_TO_32_BIT_CONVERSION = YES;
				GCC_WARN_ABOUT_RETURN_TYPE = YES_ERROR;
				GCC_WARN_UNDECLARED_SELECTOR = YES;
				GCC_WARN_UNINITIALIZED_AUTOS = YES_AGGRESSIVE;
				GCC_WARN_UNUSED_FUNCTION = YES;
				GCC_WARN_UNUSED_VARIABLE = YES;
				IPHONEOS_DEPLOYMENT_TARGET = 11.4;
				MTL_ENABLE_DEBUG_INFO = NO;
				SDKROOT = iphoneos;
				SWIFT_COMPILATION_MODE = wholemodule;
				SWIFT_OPTIMIZATION_LEVEL = "-O";
				VALIDATE_PRODUCT = YES;
			};
			name = Release;
		};
		E1F6985A21EA4D4A00939AB9 /* Debug */ = {
			isa = XCBuildConfiguration;
			baseConfigurationReference = 1633276281F07D1D74C19CDB /* Pods-SunnyPlay.debug.xcconfig */;
			buildSettings = {
				ASSETCATALOG_COMPILER_APPICON_NAME = AppIcon;
				CODE_SIGN_STYLE = Manual;
				DEVELOPMENT_TEAM = "";
				INFOPLIST_FILE = SunnyPlay/Info.plist;
				LD_RUNPATH_SEARCH_PATHS = (
					"$(inherited)",
					"@executable_path/Frameworks",
				);
				PRODUCT_BUNDLE_IDENTIFIER = com.SunnyCorps.SunnyPlay;
				PRODUCT_NAME = "$(TARGET_NAME)";
				PROVISIONING_PROFILE_SPECIFIER = "";
				SWIFT_VERSION = 4.0;
				TARGETED_DEVICE_FAMILY = "1,2";
			};
			name = Debug;
		};
		E1F6985B21EA4D4A00939AB9 /* Release */ = {
			isa = XCBuildConfiguration;
			baseConfigurationReference = 2C3E46914795C625C8764E9F /* Pods-SunnyPlay.release.xcconfig */;
			buildSettings = {
				ASSETCATALOG_COMPILER_APPICON_NAME = AppIcon;
				CODE_SIGN_STYLE = Manual;
				DEVELOPMENT_TEAM = "";
				INFOPLIST_FILE = SunnyPlay/Info.plist;
				LD_RUNPATH_SEARCH_PATHS = (
					"$(inherited)",
					"@executable_path/Frameworks",
				);
				PRODUCT_BUNDLE_IDENTIFIER = com.SunnyCorps.SunnyPlay;
				PRODUCT_NAME = "$(TARGET_NAME)";
				PROVISIONING_PROFILE_SPECIFIER = "";
				SWIFT_VERSION = 4.0;
				TARGETED_DEVICE_FAMILY = "1,2";
			};
			name = Release;
		};
		E1F6985D21EA4D4A00939AB9 /* Debug */ = {
			isa = XCBuildConfiguration;
			baseConfigurationReference = AEC7FC3066D1B6C1E94698C6 /* Pods-SunnyPlayTests.debug.xcconfig */;
			buildSettings = {
				ALWAYS_EMBED_SWIFT_STANDARD_LIBRARIES = YES;
				BUNDLE_LOADER = "$(TEST_HOST)";
				CODE_SIGN_STYLE = Automatic;
				INFOPLIST_FILE = SunnyPlayTests/Info.plist;
				LD_RUNPATH_SEARCH_PATHS = (
					"$(inherited)",
					"@executable_path/Frameworks",
					"@loader_path/Frameworks",
				);
				PRODUCT_BUNDLE_IDENTIFIER = com.SunnyCorps.SunnyPlay.SunnyPlayTests;
				PRODUCT_NAME = "$(TARGET_NAME)";
				SWIFT_VERSION = 4.0;
				TARGETED_DEVICE_FAMILY = "1,2";
				TEST_HOST = "$(BUILT_PRODUCTS_DIR)/SunnyPlay.app/SunnyPlay";
			};
			name = Debug;
		};
		E1F6985E21EA4D4A00939AB9 /* Release */ = {
			isa = XCBuildConfiguration;
			baseConfigurationReference = ABE00212D9306ED04DE546AF /* Pods-SunnyPlayTests.release.xcconfig */;
			buildSettings = {
				ALWAYS_EMBED_SWIFT_STANDARD_LIBRARIES = YES;
				BUNDLE_LOADER = "$(TEST_HOST)";
				CODE_SIGN_STYLE = Automatic;
				INFOPLIST_FILE = SunnyPlayTests/Info.plist;
				LD_RUNPATH_SEARCH_PATHS = (
					"$(inherited)",
					"@executable_path/Frameworks",
					"@loader_path/Frameworks",
				);
				PRODUCT_BUNDLE_IDENTIFIER = com.SunnyCorps.SunnyPlay.SunnyPlayTests;
				PRODUCT_NAME = "$(TARGET_NAME)";
				SWIFT_VERSION = 4.0;
				TARGETED_DEVICE_FAMILY = "1,2";
				TEST_HOST = "$(BUILT_PRODUCTS_DIR)/SunnyPlay.app/SunnyPlay";
			};
			name = Release;
		};
		E1F6986021EA4D4A00939AB9 /* Debug */ = {
			isa = XCBuildConfiguration;
			baseConfigurationReference = 2C0F116789DA3F2466543899 /* Pods-SunnyPlayUITests.debug.xcconfig */;
			buildSettings = {
				ALWAYS_EMBED_SWIFT_STANDARD_LIBRARIES = YES;
				CODE_SIGN_STYLE = Automatic;
				INFOPLIST_FILE = SunnyPlayUITests/Info.plist;
				LD_RUNPATH_SEARCH_PATHS = (
					"$(inherited)",
					"@executable_path/Frameworks",
					"@loader_path/Frameworks",
				);
				PRODUCT_BUNDLE_IDENTIFIER = com.SunnyCorps.SunnyPlay.SunnyPlayUITests;
				PRODUCT_NAME = "$(TARGET_NAME)";
				SWIFT_VERSION = 4.0;
				TARGETED_DEVICE_FAMILY = "1,2";
				TEST_TARGET_NAME = SunnyPlay;
			};
			name = Debug;
		};
		E1F6986121EA4D4A00939AB9 /* Release */ = {
			isa = XCBuildConfiguration;
			baseConfigurationReference = F325CF13F647433E12F10421 /* Pods-SunnyPlayUITests.release.xcconfig */;
			buildSettings = {
				ALWAYS_EMBED_SWIFT_STANDARD_LIBRARIES = YES;
				CODE_SIGN_STYLE = Automatic;
				INFOPLIST_FILE = SunnyPlayUITests/Info.plist;
				LD_RUNPATH_SEARCH_PATHS = (
					"$(inherited)",
					"@executable_path/Frameworks",
					"@loader_path/Frameworks",
				);
				PRODUCT_BUNDLE_IDENTIFIER = com.SunnyCorps.SunnyPlay.SunnyPlayUITests;
				PRODUCT_NAME = "$(TARGET_NAME)";
				SWIFT_VERSION = 4.0;
				TARGETED_DEVICE_FAMILY = "1,2";
				TEST_TARGET_NAME = SunnyPlay;
			};
			name = Release;
		};
/* End XCBuildConfiguration section */

/* Begin XCConfigurationList section */
		E1F6982C21EA4D4400939AB9 /* Build configuration list for PBXProject "SunnyPlay" */ = {
			isa = XCConfigurationList;
			buildConfigurations = (
				E1F6985721EA4D4A00939AB9 /* Debug */,
				E1F6985821EA4D4A00939AB9 /* Release */,
			);
			defaultConfigurationIsVisible = 0;
			defaultConfigurationName = Release;
		};
		E1F6985921EA4D4A00939AB9 /* Build configuration list for PBXNativeTarget "SunnyPlay" */ = {
			isa = XCConfigurationList;
			buildConfigurations = (
				E1F6985A21EA4D4A00939AB9 /* Debug */,
				E1F6985B21EA4D4A00939AB9 /* Release */,
			);
			defaultConfigurationIsVisible = 0;
			defaultConfigurationName = Release;
		};
		E1F6985C21EA4D4A00939AB9 /* Build configuration list for PBXNativeTarget "SunnyPlayTests" */ = {
			isa = XCConfigurationList;
			buildConfigurations = (
				E1F6985D21EA4D4A00939AB9 /* Debug */,
				E1F6985E21EA4D4A00939AB9 /* Release */,
			);
			defaultConfigurationIsVisible = 0;
			defaultConfigurationName = Release;
		};
		E1F6985F21EA4D4A00939AB9 /* Build configuration list for PBXNativeTarget "SunnyPlayUITests" */ = {
			isa = XCConfigurationList;
			buildConfigurations = (
				E1F6986021EA4D4A00939AB9 /* Debug */,
				E1F6986121EA4D4A00939AB9 /* Release */,
			);
			defaultConfigurationIsVisible = 0;
			defaultConfigurationName = Release;
		};
/* End XCConfigurationList section */
	};
	rootObject = E1F6982921EA4D4400939AB9 /* Project object */;
}
